
Microsoft Visual Studio Solution File, Format Version 12.00
# Visual Studio Version 17
VisualStudioVersion = 17.10.35013.160
MinimumVisualStudioVersion = 10.0.40219.1
Project("{9A19103F-16F7-4668-BE54-9A1E7A4F7556}") = "WebApi", "WebApplication1\WebApi.csproj", "{A2BE61AC-BC6B-46A2-9ACC-D0E2B7912957}"
EndProject
Project("{9A19103F-16F7-4668-BE54-9A1E7A4F7556}") = "Web", "Web\Web\Web.csproj", "{25FDC577-45C2-450E-8443-B4C824BEA85A}"
EndProject
Project("{9A19103F-16F7-4668-BE54-9A1E7A4F7556}") = "Web.Client", "Web\Web.Client\Web.Client.csproj", "{B63F9D12-6175-496B-88F5-2D0BD705476B}"
EndProject
Project("{9A19103F-16F7-4668-BE54-9A1E7A4F7556}") = "DesktopTaskManager", "DesktopTaskManager\DesktopTaskManager.csproj", "{BA6AA16C-3018-4791-B362-EE0F39FFF9A7}"
EndProject
Global
	GlobalSection(SolutionConfigurationPlatforms) = preSolution
		Debug|Any CPU = Debug|Any CPU
		Release|Any CPU = Release|Any CPU
	EndGlobalSection
	GlobalSection(ProjectConfigurationPlatforms) = postSolution
		{A2BE61AC-BC6B-46A2-9ACC-D0E2B7912957}.Debug|Any CPU.ActiveCfg = Debug|Any CPU
		{A2BE61AC-BC6B-46A2-9ACC-D0E2B7912957}.Debug|Any CPU.Build.0 = Debug|Any CPU
		{A2BE61AC-BC6B-46A2-9ACC-D0E2B7912957}.Release|Any CPU.ActiveCfg = Release|Any CPU
		{A2BE61AC-BC6B-46A2-9ACC-D0E2B7912957}.Release|Any CPU.Build.0 = Release|Any CPU
		{25FDC577-45C2-450E-8443-B4C824BEA85A}.Debug|Any CPU.ActiveCfg = Debug|Any CPU
		{25FDC577-45C2-450E-8443-B4C824BEA85A}.Debug|Any CPU.Build.0 = Debug|Any CPU
		{25FDC577-45C2-450E-8443-B4C824BEA85A}.Release|Any CPU.ActiveCfg = Release|Any CPU
		{25FDC577-45C2-450E-8443-B4C824BEA85A}.Release|Any CPU.Build.0 = Release|Any CPU
		{B63F9D12-6175-496B-88F5-2D0BD705476B}.Debug|Any CPU.ActiveCfg = Debug|Any CPU
		{B63F9D12-6175-496B-88F5-2D0BD705476B}.Debug|Any CPU.Build.0 = Debug|Any CPU
		{B63F9D12-6175-496B-88F5-2D0BD705476B}.Release|Any CPU.ActiveCfg = Release|Any CPU
		{B63F9D12-6175-496B-88F5-2D0BD705476B}.Release|Any CPU.Build.0 = Release|Any CPU
		{BA6AA16C-3018-4791-B362-EE0F39FFF9A7}.Debug|Any CPU.ActiveCfg = Debug|Any CPU
		{BA6AA16C-3018-4791-B362-EE0F39FFF9A7}.Debug|Any CPU.Build.0 = Debug|Any CPU
		{BA6AA16C-3018-4791-B362-EE0F39FFF9A7}.Release|Any CPU.ActiveCfg = Release|Any CPU
		{BA6AA16C-3018-4791-B362-EE0F39FFF9A7}.Release|Any CPU.Build.0 = Release|Any CPU
	EndGlobalSection
	GlobalSection(SolutionProperties) = preSolution
		HideSolutionNode = FALSE
	EndGlobalSection
	GlobalSection(ExtensibilityGlobals) = postSolution
		SolutionGuid = {F347E6D0-1350-4B70-9C59-B39599D077ED}
	EndGlobalSection
EndGlobal
